
Microsoft Visual Studio Solution File, Format Version 12.00
# Visual Studio 15
VisualStudioVersion = 15.0.28010.2016
MinimumVisualStudioVersion = 10.0.40219.1
Project("{FAE04EC0-301F-11D3-BF4B-00C04F79EFBC}") = "CSMessenger", "CSMessenger.csproj", "{DDDB3A5D-2B0E-428A-8BB7-273569082752}"
EndProject
Global
	GlobalSection(SolutionConfigurationPlatforms) = preSolution
		Debug|Any CPU = Debug|Any CPU
		Release|Any CPU = Release|Any CPU
	EndGlobalSection
	GlobalSection(ProjectConfigurationPlatforms) = postSolution
		{DDDB3A5D-2B0E-428A-8BB7-273569082752}.Debug|Any CPU.ActiveCfg = Debug|Any CPU
		{DDDB3A5D-2B0E-428A-8BB7-273569082752}.Debug|Any CPU.Build.0 = Debug|Any CPU
		{DDDB3A5D-2B0E-428A-8BB7-273569082752}.Release|Any CPU.ActiveCfg = Release|Any CPU
		{DDDB3A5D-2B0E-428A-8BB7-273569082752}.Release|Any CPU.Build.0 = Release|Any CPU
	EndGlobalSection
	GlobalSection(SolutionProperties) = preSolution
		HideSolutionNode = FALSE
	EndGlobalSection
EndGlobal
